
Microsoft Visual Studio Solution File, Format Version 12.00
# Visual Studio Version 17
VisualStudioVersion = 17.10.35013.160
MinimumVisualStudioVersion = 10.0.40219.1
Project("{FAE04EC0-301F-11D3-BF4B-00C04F79EFBC}") = "SalesWebMvc", "SalesWebMvc\SalesWebMvc.csproj", "{72304F4F-6E0D-4AEE-94E3-3EE9404A1DD5}"
EndProject
Global
	GlobalSection(SolutionConfigurationPlatforms) = preSolution
		Debug|Any CPU = Debug|Any CPU
		Release|Any CPU = Release|Any CPU
	EndGlobalSection
	GlobalSection(ProjectConfigurationPlatforms) = postSolution
		{72304F4F-6E0D-4AEE-94E3-3EE9404A1DD5}.Debug|Any CPU.ActiveCfg = Debug|Any CPU
		{72304F4F-6E0D-4AEE-94E3-3EE9404A1DD5}.Debug|Any CPU.Build.0 = Debug|Any CPU
		{72304F4F-6E0D-4AEE-94E3-3EE9404A1DD5}.Release|Any CPU.ActiveCfg = Release|Any CPU
		{72304F4F-6E0D-4AEE-94E3-3EE9404A1DD5}.Release|Any CPU.Build.0 = Release|Any CPU
	EndGlobalSection
	GlobalSection(SolutionProperties) = preSolution
		HideSolutionNode = FALSE
	EndGlobalSection
	GlobalSection(ExtensibilityGlobals) = postSolution
		SolutionGuid = {A7506B85-F5DD-40F0-AA0E-0C4DC96A3E02}
	EndGlobalSection
EndGlobal
